
Microsoft Visual Studio Solution File, Format Version 12.00
# Visual Studio Version 17
VisualStudioVersion = 17.10.35122.118
MinimumVisualStudioVersion = 10.0.40219.1
Project("{FAE04EC0-301F-11D3-BF4B-00C04F79EFBC}") = "AiImageGeneratorApi", "AiImageGeneratorApi\AiImageGeneratorApi.csproj", "{F98C6957-A6F6-4BFA-8C36-9D2FFEF448C6}"
EndProject
Global
	GlobalSection(SolutionConfigurationPlatforms) = preSolution
		Debug|Any CPU = Debug|Any CPU
		Release|Any CPU = Release|Any CPU
	EndGlobalSection
	GlobalSection(ProjectConfigurationPlatforms) = postSolution
		{F98C6957-A6F6-4BFA-8C36-9D2FFEF448C6}.Debug|Any CPU.ActiveCfg = Debug|Any CPU
		{F98C6957-A6F6-4BFA-8C36-9D2FFEF448C6}.Debug|Any CPU.Build.0 = Debug|Any CPU
		{F98C6957-A6F6-4BFA-8C36-9D2FFEF448C6}.Release|Any CPU.ActiveCfg = Release|Any CPU
		{F98C6957-A6F6-4BFA-8C36-9D2FFEF448C6}.Release|Any CPU.Build.0 = Release|Any CPU
	EndGlobalSection
	GlobalSection(SolutionProperties) = preSolution
		HideSolutionNode = FALSE
	EndGlobalSection
	GlobalSection(ExtensibilityGlobals) = postSolution
		SolutionGuid = {70A07484-DC16-4D32-9E77-792B9B72C2C8}
	EndGlobalSection
EndGlobal
